
Microsoft Visual Studio Solution File, Format Version 12.00
# Visual Studio Version 17
VisualStudioVersion = 17.14.36301.6 d17.14
MinimumVisualStudioVersion = 10.0.40219.1
Project("{FAE04EC0-301F-11D3-BF4B-00C04F79EFBC}") = "ARC4Parser", "ARC4Parser\ARC4Parser.csproj", "{181947DE-77B5-BE48-B2AF-30B7111109F5}"
EndProject
Project("{FAE04EC0-301F-11D3-BF4B-00C04F79EFBC}") = "ARC4ParserTests", "ARC4ParserTests\ARC4ParserTests.csproj", "{545B3626-E9F9-40D0-8FAC-12282F2F6EC2}"
EndProject
Global
	GlobalSection(SolutionConfigurationPlatforms) = preSolution
		Debug|Any CPU = Debug|Any CPU
		Release|Any CPU = Release|Any CPU
	EndGlobalSection
	GlobalSection(ProjectConfigurationPlatforms) = postSolution
		{181947DE-77B5-BE48-B2AF-30B7111109F5}.Debug|Any CPU.ActiveCfg = Debug|Any CPU
		{181947DE-77B5-BE48-B2AF-30B7111109F5}.Debug|Any CPU.Build.0 = Debug|Any CPU
		{181947DE-77B5-BE48-B2AF-30B7111109F5}.Release|Any CPU.ActiveCfg = Release|Any CPU
		{181947DE-77B5-BE48-B2AF-30B7111109F5}.Release|Any CPU.Build.0 = Release|Any CPU
		{545B3626-E9F9-40D0-8FAC-12282F2F6EC2}.Debug|Any CPU.ActiveCfg = Debug|Any CPU
		{545B3626-E9F9-40D0-8FAC-12282F2F6EC2}.Debug|Any CPU.Build.0 = Debug|Any CPU
		{545B3626-E9F9-40D0-8FAC-12282F2F6EC2}.Release|Any CPU.ActiveCfg = Release|Any CPU
		{545B3626-E9F9-40D0-8FAC-12282F2F6EC2}.Release|Any CPU.Build.0 = Release|Any CPU
	EndGlobalSection
	GlobalSection(SolutionProperties) = preSolution
		HideSolutionNode = FALSE
	EndGlobalSection
	GlobalSection(ExtensibilityGlobals) = postSolution
		SolutionGuid = {BA6038FE-E855-4EC4-A6CC-6430A300EFF1}
	EndGlobalSection
EndGlobal
